
Microsoft Visual Studio Solution File, Format Version 12.00
# Visual Studio Version 17
VisualStudioVersion = 17.12.35514.174 d17.12
MinimumVisualStudioVersion = 10.0.40219.1
Project("{8BC9CEB8-8B4A-11D0-8D11-00A0C91BC942}") = "tflow-capture-vsproj", "tflow-capture-vsproj.vcxproj", "{DC68093C-D98F-4AED-8EBB-B8C7EAFB91DA}"
EndProject
Global
	GlobalSection(SolutionConfigurationPlatforms) = preSolution
		Debug|ARM64 = Debug|ARM64
		Release|ARM64 = Release|ARM64
	EndGlobalSection
	GlobalSection(ProjectConfigurationPlatforms) = postSolution
		{DC68093C-D98F-4AED-8EBB-B8C7EAFB91DA}.Debug|ARM64.ActiveCfg = Debug|ARM64
		{DC68093C-D98F-4AED-8EBB-B8C7EAFB91DA}.Debug|ARM64.Build.0 = Debug|ARM64
		{DC68093C-D98F-4AED-8EBB-B8C7EAFB91DA}.Debug|ARM64.Deploy.0 = Debug|ARM64
		{DC68093C-D98F-4AED-8EBB-B8C7EAFB91DA}.Release|ARM64.ActiveCfg = Release|ARM64
		{DC68093C-D98F-4AED-8EBB-B8C7EAFB91DA}.Release|ARM64.Build.0 = Release|ARM64
		{DC68093C-D98F-4AED-8EBB-B8C7EAFB91DA}.Release|ARM64.Deploy.0 = Release|ARM64
	EndGlobalSection
	GlobalSection(SolutionProperties) = preSolution
		HideSolutionNode = FALSE
	EndGlobalSection
	GlobalSection(ExtensibilityGlobals) = postSolution
		SolutionGuid = {0EACA6A2-A412-4344-9CDB-F8384D469414}
	EndGlobalSection
EndGlobal
