<?xml version="1.0" encoding="utf-8"?>
<Project ToolsVersion="4.0" xmlns="http://schemas.microsoft.com/developer/msbuild/2003">
  <ItemGroup>
    <ClCompile Include="..\main.cpp" />
    <ClCompile Include="..\tflow-capture.cpp" />
    <ClCompile Include="..\tflow-ctrl-capture.cpp" />
    <ClCompile Include="..\tflow-capture-v4l2.cpp">
      <Filter>V4L2Device</Filter>
    </ClCompile>
    <ClCompile Include="..\tflow-ctrl.cpp">
      <Filter>tlow-ctrl-lib</Filter>
    </ClCompile>
    <ClCompile Include="..\tflow-ctrl-srv.cpp">
      <Filter>tlow-ctrl-lib</Filter>
    </ClCompile>
    <ClCompile Include="..\tflow-ctrl-cli-port.cpp">
      <Filter>tlow-ctrl-lib</Filter>
    </ClCompile>
    <ClCompile Include="..\tflow-ap.cpp" />
    <ClCompile Include="..\tflow-ap-fixar.cpp" />
    <ClCompile Include="..\tflow-buf-srv.cpp">
      <Filter>tflow-buf</Filter>
    </ClCompile>
    <ClCompile Include="..\tflow-player.cpp" />
  </ItemGroup>
  <ItemGroup>
    <Text Include="..\CMakeLists.txt" />
  </ItemGroup>
  <ItemGroup>
    <ClInclude Include="..\tflow-capture.hpp" />
    <ClInclude Include="..\tflow-ctrl-capture.hpp" />
    <ClInclude Include="..\tflow-capture-v4l2.hpp">
      <Filter>V4L2Device</Filter>
    </ClInclude>
    <ClInclude Include="..\tflow-common.hpp" />
    <ClInclude Include="..\tflow-ctrl.hpp">
      <Filter>tlow-ctrl-lib</Filter>
    </ClInclude>
    <ClInclude Include="..\tflow-ctrl-srv.hpp">
      <Filter>tlow-ctrl-lib</Filter>
    </ClInclude>
    <ClInclude Include="..\tflow-ctrl-cli-port.hpp">
      <Filter>tlow-ctrl-lib</Filter>
    </ClInclude>
    <ClInclude Include="..\tflow-ap.h" />
    <ClInclude Include="..\tflow-ap-fixar.h" />
    <ClInclude Include="..\tflow-buf.hpp">
      <Filter>tflow-buf</Filter>
    </ClInclude>
    <ClInclude Include="..\tflow-buf-srv.hpp">
      <Filter>tflow-buf</Filter>
    </ClInclude>
    <ClInclude Include="..\tflow-player.h" />
    <ClInclude Include="..\tflow-glib.hpp" />
    <ClInclude Include="buildin.h" />
    <ClInclude Include="..\tflow-build-cfg.hpp" />
  </ItemGroup>
  <ItemGroup>
    <Filter Include="V4L2Device">
      <UniqueIdentifier>{83c7f5a3-6825-4dd9-8b24-8f94eefa4b0f}</UniqueIdentifier>
    </Filter>
    <Filter Include="tlow-ctrl-lib">
      <UniqueIdentifier>{69421ea1-62d3-410d-b1d7-f910c76e6731}</UniqueIdentifier>
    </Filter>
    <Filter Include="tflow-buf">
      <UniqueIdentifier>{d398b6a2-97a6-40ca-a146-61c8cf020ddd}</UniqueIdentifier>
    </Filter>
  </ItemGroup>
  <ItemGroup>
    <None Include="..\.editorconfig" />
    <None Include="..\tflow-capture-config.json" />
  </ItemGroup>
</Project>